
Microsoft Visual Studio Solution File, Format Version 12.00
# Visual Studio Version 17
VisualStudioVersion = 17.9.34701.34
MinimumVisualStudioVersion = 10.0.40219.1
Project("{FAE04EC0-301F-11D3-BF4B-00C04F79EFBC}") = "LeonardoAndrade_MVC", "LeonardoAndrade_MVC.csproj", "{B71AB1D3-5049-4E12-85E3-575BB641061D}"
EndProject
Global
	GlobalSection(SolutionConfigurationPlatforms) = preSolution
		Debug|Any CPU = Debug|Any CPU
		Release|Any CPU = Release|Any CPU
	EndGlobalSection
	GlobalSection(ProjectConfigurationPlatforms) = postSolution
		{B71AB1D3-5049-4E12-85E3-575BB641061D}.Debug|Any CPU.ActiveCfg = Debug|Any CPU
		{B71AB1D3-5049-4E12-85E3-575BB641061D}.Debug|Any CPU.Build.0 = Debug|Any CPU
		{B71AB1D3-5049-4E12-85E3-575BB641061D}.Release|Any CPU.ActiveCfg = Release|Any CPU
		{B71AB1D3-5049-4E12-85E3-575BB641061D}.Release|Any CPU.Build.0 = Release|Any CPU
	EndGlobalSection
	GlobalSection(SolutionProperties) = preSolution
		HideSolutionNode = FALSE
	EndGlobalSection
	GlobalSection(ExtensibilityGlobals) = postSolution
		SolutionGuid = {941CD03D-BC85-486A-86DC-7C367C247345}
	EndGlobalSection
EndGlobal
